
Microsoft Visual Studio Solution File, Format Version 12.00
# Visual Studio 15
VisualStudioVersion = 15.0.28307.168
MinimumVisualStudioVersion = 10.0.40219.1
Project("{FAE04EC0-301F-11D3-BF4B-00C04F79EFBC}") = "Server", "TCP_IP Example\Server.csproj", "{B9C99658-2485-4835-9590-27F366EA8940}"
EndProject
Project("{FAE04EC0-301F-11D3-BF4B-00C04F79EFBC}") = "Client", "Client\Client.csproj", "{1A5C4C38-60AA-42B0-BC29-C5A59711FE01}"
EndProject
Global
	GlobalSection(SolutionConfigurationPlatforms) = preSolution
		Debug|Any CPU = Debug|Any CPU
		Release|Any CPU = Release|Any CPU
	EndGlobalSection
	GlobalSection(ProjectConfigurationPlatforms) = postSolution
		{B9C99658-2485-4835-9590-27F366EA8940}.Debug|Any CPU.ActiveCfg = Debug|Any CPU
		{B9C99658-2485-4835-9590-27F366EA8940}.Debug|Any CPU.Build.0 = Debug|Any CPU
		{B9C99658-2485-4835-9590-27F366EA8940}.Release|Any CPU.ActiveCfg = Release|Any CPU
		{B9C99658-2485-4835-9590-27F366EA8940}.Release|Any CPU.Build.0 = Release|Any CPU
		{1A5C4C38-60AA-42B0-BC29-C5A59711FE01}.Debug|Any CPU.ActiveCfg = Debug|Any CPU
		{1A5C4C38-60AA-42B0-BC29-C5A59711FE01}.Debug|Any CPU.Build.0 = Debug|Any CPU
		{1A5C4C38-60AA-42B0-BC29-C5A59711FE01}.Release|Any CPU.ActiveCfg = Release|Any CPU
		{1A5C4C38-60AA-42B0-BC29-C5A59711FE01}.Release|Any CPU.Build.0 = Release|Any CPU
	EndGlobalSection
	GlobalSection(SolutionProperties) = preSolution
		HideSolutionNode = FALSE
	EndGlobalSection
	GlobalSection(ExtensibilityGlobals) = postSolution
		SolutionGuid = {4AA3EB33-7E2B-45F5-ABEA-A11998C919C6}
	EndGlobalSection
EndGlobal
